
Microsoft Visual Studio Solution File, Format Version 12.00
# Visual Studio Version 16
VisualStudioVersion = 16.0.29411.108
MinimumVisualStudioVersion = 10.0.40219.1
Project("{FAE04EC0-301F-11D3-BF4B-00C04F79EFBC}") = "HW_Lecture85_HashTable", "HW_Lecture85_HashTable\HW_Lecture85_HashTable.csproj", "{801DA362-A5D3-4756-8F1E-7F1F641CEBBD}"
EndProject
Global
	GlobalSection(SolutionConfigurationPlatforms) = preSolution
		Debug|Any CPU = Debug|Any CPU
		Release|Any CPU = Release|Any CPU
	EndGlobalSection
	GlobalSection(ProjectConfigurationPlatforms) = postSolution
		{801DA362-A5D3-4756-8F1E-7F1F641CEBBD}.Debug|Any CPU.ActiveCfg = Debug|Any CPU
		{801DA362-A5D3-4756-8F1E-7F1F641CEBBD}.Debug|Any CPU.Build.0 = Debug|Any CPU
		{801DA362-A5D3-4756-8F1E-7F1F641CEBBD}.Release|Any CPU.ActiveCfg = Release|Any CPU
		{801DA362-A5D3-4756-8F1E-7F1F641CEBBD}.Release|Any CPU.Build.0 = Release|Any CPU
	EndGlobalSection
	GlobalSection(SolutionProperties) = preSolution
		HideSolutionNode = FALSE
	EndGlobalSection
	GlobalSection(ExtensibilityGlobals) = postSolution
		SolutionGuid = {029DCA99-A723-403D-A22A-F6281E60AB45}
	EndGlobalSection
EndGlobal
